
Microsoft Visual Studio Solution File, Format Version 12.00
# Visual Studio Version 16
VisualStudioVersion = 16.0.29230.47
MinimumVisualStudioVersion = 10.0.40219.1
Project("{888888A0-9F3D-457C-B088-3A5042F75D52}") = "NewProject", "NewProject\NewProject.pyproj", "{EE327863-4F06-49C3-A270-CB55D42DE1CA}"
EndProject
Global
	GlobalSection(SolutionConfigurationPlatforms) = preSolution
		Debug|Any CPU = Debug|Any CPU
		Release|Any CPU = Release|Any CPU
	EndGlobalSection
	GlobalSection(ProjectConfigurationPlatforms) = postSolution
		{EE327863-4F06-49C3-A270-CB55D42DE1CA}.Debug|Any CPU.ActiveCfg = Debug|Any CPU
		{EE327863-4F06-49C3-A270-CB55D42DE1CA}.Debug|Any CPU.Build.0 = Debug|Any CPU
		{EE327863-4F06-49C3-A270-CB55D42DE1CA}.Release|Any CPU.ActiveCfg = Release|Any CPU
		{EE327863-4F06-49C3-A270-CB55D42DE1CA}.Release|Any CPU.Build.0 = Release|Any CPU
	EndGlobalSection
	GlobalSection(SolutionProperties) = preSolution
		HideSolutionNode = FALSE
	EndGlobalSection
	GlobalSection(ExtensibilityGlobals) = postSolution
		SolutionGuid = {33BDAAEF-3835-44AB-A442-93E0EC7DB70E}
	EndGlobalSection
EndGlobal
